// !$*UTF8*$!
{
	archiveVersion = 1;
	classes = {
	};
	objectVersion = 50;
	objects = {

/* Begin PBXBuildFile section */
		B544A32023763E9800CDBFFF /* AppDelegate.swift in Sources */ = {isa = PBXBuildFile; fileRef = B544A31F23763E9800CDBFFF /* AppDelegate.swift */; };
		B544A32223763E9800CDBFFF /* SceneDelegate.swift in Sources */ = {isa = PBXBuildFile; fileRef = B544A32123763E9800CDBFFF /* SceneDelegate.swift */; };
		B544A32423763E9800CDBFFF /* ViewController.swift in Sources */ = {isa = PBXBuildFile; fileRef = B544A32323763E9800CDBFFF /* ViewController.swift */; };
		B544A32723763E9800CDBFFF /* Main.storyboard in Resources */ = {isa = PBXBuildFile; fileRef = B544A32523763E9800CDBFFF /* Main.storyboard */; };
		B544A32923763E9B00CDBFFF /* Assets.xcassets in Resources */ = {isa = PBXBuildFile; fileRef = B544A32823763E9B00CDBFFF /* Assets.xcassets */; };
		B544A32C23763E9B00CDBFFF /* LaunchScreen.storyboard in Resources */ = {isa = PBXBuildFile; fileRef = B544A32A23763E9B00CDBFFF /* LaunchScreen.storyboard */; };
/* End PBXBuildFile section */

/* Begin PBXFileReference section */
		B544A31C23763E9800CDBFFF /* SlidePuzzleGame.app */ = {isa = PBXFileReference; explicitFileType = wrapper.application; includeInIndex = 0; path = SlidePuzzleGame.app; sourceTree = BUILT_PRODUCTS_DIR; };
		B544A31F23763E9800CDBFFF /* AppDelegate.swift */ = {isa = PBXFileReference; lastKnownFileType = sourcecode.swift; path = AppDelegate.swift; sourceTree = "<group>"; };
		B544A32123763E9800CDBFFF /* SceneDelegate.swift */ = {isa = PBXFileReference; lastKnownFileType = sourcecode.swift; path = SceneDelegate.swift; sourceTree = "<group>"; };
		B544A32323763E9800CDBFFF /* ViewController.swift */ = {isa = PBXFileReference; lastKnownFileType = sourcecode.swift; path = ViewController.swift; sourceTree = "<group>"; };
		B544A32623763E9800CDBFFF /* Base */ = {isa = PBXFileReference; lastKnownFileType = file.storyboard; name = Base; path = Base.lproj/Main.storyboard; sourceTree = "<group>"; };
		B544A32823763E9B00CDBFFF /* Assets.xcassets */ = {isa = PBXFileReference; lastKnownFileType = folder.assetcatalog; path = Assets.xcassets; sourceTree = "<group>"; };
		B544A32B23763E9B00CDBFFF /* Base */ = {isa = PBXFileReference; lastKnownFileType = file.storyboard; name = Base; path = Base.lproj/LaunchScreen.storyboard; sourceTree = "<group>"; };
		B544A32D23763E9B00CDBFFF /* Info.plist */ = {isa = PBXFileReference; lastKnownFileType = text.plist.xml; path = Info.plist; sourceTree = "<group>"; };
/* End PBXFileReference section */

/* Begin PBXFrameworksBuildPhase section */
		B544A31923763E9800CDBFFF /* Frameworks */ = {
			isa = PBXFrameworksBuildPhase;
			buildActionMask = 2147483647;
			files = (
			);
			runOnlyForDeploymentPostprocessing = 0;
		};
/* End PBXFrameworksBuildPhase section */

/* Begin PBXGroup section */
		B544A31323763E9800CDBFFF = {
			isa = PBXGroup;
			children = (
				B544A31E23763E9800CDBFFF /* SlidePuzzleGame */,
				B544A31D23763E9800CDBFFF /* Products */,
			);
			sourceTree = "<group>";
		};
		B544A31D23763E9800CDBFFF /* Products */ = {
			isa = PBXGroup;
			children = (
				B544A31C23763E9800CDBFFF /* SlidePuzzleGame.app */,
			);
			name = Products;
			sourceTree = "<group>";
		};
		B544A31E23763E9800CDBFFF /* SlidePuzzleGame */ = {
			isa = PBXGroup;
			children = (
				B544A31F23763E9800CDBFFF /* AppDelegate.swift */,
				B544A32123763E9800CDBFFF /* SceneDelegate.swift */,
				B544A32323763E9800CDBFFF /* ViewController.swift */,
				B544A32523763E9800CDBFFF /* Main.storyboard */,
				B544A32823763E9B00CDBFFF /* Assets.xcassets */,
				B544A32A23763E9B00CDBFFF /* LaunchScreen.storyboard */,
				B544A32D23763E9B00CDBFFF /* Info.plist */,
			);
			path = SlidePuzzleGame;
			sourceTree = "<group>";
		};
/* End PBXGroup section */

/* Begin PBXNativeTarget section */
		B544A31B23763E9800CDBFFF /* SlidePuzzleGame */ = {
			isa = PBXNativeTarget;
			buildConfigurationList = B544A33023763E9B00CDBFFF /* Build configuration list for PBXNativeTarget "SlidePuzzleGame" */;
			buildPhases = (
				B544A31823763E9800CDBFFF /* Sources */,
				B544A31923763E9800CDBFFF /* Frameworks */,
				B544A31A23763E9800CDBFFF /* Resources */,
			);
			buildRules = (
			);
			dependencies = (
			);
			name = SlidePuzzleGame;
			productName = SlidePuzzleGame;
			productReference = B544A31C23763E9800CDBFFF /* SlidePuzzleGame.app */;
			productType = "com.apple.product-type.application";
		};
/* End PBXNativeTarget section */

/* Begin PBXProject section */
		B544A31423763E9800CDBFFF /* Project object */ = {
			isa = PBXProject;
			attributes = {
				LastSwiftUpdateCheck = 1120;
				LastUpgradeCheck = 1120;
				ORGANIZATIONNAME = "Denis Rakitin";
				TargetAttributes = {
					B544A31B23763E9800CDBFFF = {
						CreatedOnToolsVersion = 11.2;
					};
				};
			};
			buildConfigurationList = B544A31723763E9800CDBFFF /* Build configuration list for PBXProject "SlidePuzzleGame" */;
			compatibilityVersion = "Xcode 9.3";
			developmentRegion = en;
			hasScannedForEncodings = 0;
			knownRegions = (
				en,
				Base,
			);
			mainGroup = B544A31323763E9800CDBFFF;
			productRefGroup = B544A31D23763E9800CDBFFF /* Products */;
			projectDirPath = "";
			projectRoot = "";
			targets = (
				B544A31B23763E9800CDBFFF /* SlidePuzzleGame */,
			);
		};
/* End PBXProject section */

/* Begin PBXResourcesBuildPhase section */
		B544A31A23763E9800CDBFFF /* Resources */ = {
			isa = PBXResourcesBuildPhase;
			buildActionMask = 2147483647;
			files = (
				B544A32C23763E9B00CDBFFF /* LaunchScreen.storyboard in Resources */,
				B544A32923763E9B00CDBFFF /* Assets.xcassets in Resources */,
				B544A32723763E9800CDBFFF /* Main.storyboard in Resources */,
			);
			runOnlyForDeploymentPostprocessing = 0;
		};
/* End PBXResourcesBuildPhase section */

/* Begin PBXSourcesBuildPhase section */
		B544A31823763E9800CDBFFF /* Sources */ = {
			isa = PBXSourcesBuildPhase;
			buildActionMask = 2147483647;
			files = (
				B544A32423763E9800CDBFFF /* ViewController.swift in Sources */,
				B544A32023763E9800CDBFFF /* AppDelegate.swift in Sources */,
				B544A32223763E9800CDBFFF /* SceneDelegate.swift in Sources */,
			);
			runOnlyForDeploymentPostprocessing = 0;
		};
/* End PBXSourcesBuildPhase section */

/* Begin PBXVariantGroup section */
		B544A32523763E9800CDBFFF /* Main.storyboard */ = {
			isa = PBXVariantGroup;
			children = (
				B544A32623763E9800CDBFFF /* Base */,
			);
			name = Main.storyboard;
			sourceTree = "<group>";
		};
		B544A32A23763E9B00CDBFFF /* LaunchScreen.storyboard */ = {
			isa = PBXVariantGroup;
			children = (
				B544A32B23763E9B00CDBFFF /* Base */,
			);
			name = LaunchScreen.storyboard;
			sourceTree = "<group>";
		};
/* End PBXVariantGroup section */

/* Begin XCBuildConfiguration section */
		B544A32E23763E9B00CDBFFF /* Debug */ = {
			isa = XCBuildConfiguration;
			buildSettings = {
				ALWAYS_SEARCH_USER_PATHS = NO;
				CLANG_ANALYZER_NONNULL = YES;
				CLANG_ANALYZER_NUMBER_OBJECT_CONVERSION = YES_AGGRESSIVE;
				CLANG_CXX_LANGUAGE_STANDARD = "gnu++14";
				CLANG_CXX_LIBRARY = "libc++";
				CLANG_ENABLE_MODULES = YES;
				CLANG_ENABLE_OBJC_ARC = YES;
				CLANG_ENABLE_OBJC_WEAK = YES;
				CLANG_WARN_BLOCK_CAPTURE_AUTORELEASING = YES;
				CLANG_WARN_BOOL_CONVERSION = YES;
				CLANG_WARN_COMMA = YES;
				CLANG_WARN_CONSTANT_CONVERSION = YES;
				CLANG_WARN_DEPRECATED_OBJC_IMPLEMENTATIONS = YES;
				CLANG_WARN_DIRECT_OBJC_ISA_USAGE = YES_ERROR;
				CLANG_WARN_DOCUMENTATION_COMMENTS = YES;
				CLANG_WARN_EMPTY_BODY = YES;
				CLANG_WARN_ENUM_CONVERSION = YES;
				CLANG_WARN_INFINITE_RECURSION = YES;
				CLANG_WARN_INT_CONVERSION = YES;
				CLANG_WARN_NON_LITERAL_NULL_CONVERSION = YES;
				CLANG_WARN_OBJC_IMPLICIT_RETAIN_SELF = YES;
				CLANG_WARN_OBJC_LITERAL_CONVERSION = YES;
				CLANG_WARN_OBJC_ROOT_CLASS = YES_ERROR;
				CLANG_WARN_RANGE_LOOP_ANALYSIS = YES;
				CLANG_WARN_STRICT_PROTOTYPES = YES;
				CLANG_WARN_SUSPICIOUS_MOVE = YES;
				CLANG_WARN_UNGUARDED_AVAILABILITY = YES_AGGRESSIVE;
				CLANG_WARN_UNREACHABLE_CODE = YES;
				CLANG_WARN__DUPLICATE_METHOD_MATCH = YES;
				COPY_PHASE_STRIP = NO;
				DEBUG_INFORMATION_FORMAT = dwarf;
				ENABLE_STRICT_OBJC_MSGSEND = YES;
				ENABLE_TESTABILITY = YES;
				GCC_C_LANGUAGE_STANDARD = gnu11;
				GCC_DYNAMIC_NO_PIC = NO;
				GCC_NO_COMMON_BLOCKS = YES;
				GCC_OPTIMIZATION_LEVEL = 0;
				GCC_PREPROCESSOR_DEFINITIONS = (
					"DEBUG=1",
					"$(inherited)",
				);
				GCC_WARN_64_TO_32_BIT_CONVERSION = YES;
				GCC_WARN_ABOUT_RETURN_TYPE = YES_ERROR;
				GCC_WARN_UNDECLARED_SELECTOR = YES;
				GCC_WARN_UNINITIALIZED_AUTOS = YES_AGGRESSIVE;
				GCC_WARN_UNUSED_FUNCTION = YES;
				GCC_WARN_UNUSED_VARIABLE = YES;
				IPHONEOS_DEPLOYMENT_TARGET = 13.2;
				MTL_ENABLE_DEBUG_INFO = INCLUDE_SOURCE;
				MTL_FAST_MATH = YES;
				ONLY_ACTIVE_ARCH = YES;
				SDKROOT = iphoneos;
				SWIFT_ACTIVE_COMPILATION_CONDITIONS = DEBUG;
				SWIFT_OPTIMIZATION_LEVEL = "-Onone";
			};
			name = Debug;
		};
		B544A32F23763E9B00CDBFFF /* Release */ = {
			isa = XCBuildConfiguration;
			buildSettings = {
				ALWAYS_SEARCH_USER_PATHS = NO;
				CLANG_ANALYZER_NONNULL = YES;
				CLANG_ANALYZER_NUMBER_OBJECT_CONVERSION = YES_AGGRESSIVE;
				CLANG_CXX_LANGUAGE_STANDARD = "gnu++14";
				CLANG_CXX_LIBRARY = "libc++";
				CLANG_ENABLE_MODULES = YES;
				CLANG_ENABLE_OBJC_ARC = YES;
				CLANG_ENABLE_OBJC_WEAK = YES;
				CLANG_WARN_BLOCK_CAPTURE_AUTORELEASING = YES;
				CLANG_WARN_BOOL_CONVERSION = YES;
				CLANG_WARN_COMMA = YES;
				CLANG_WARN_CONSTANT_CONVERSION = YES;
				CLANG_WARN_DEPRECATED_OBJC_IMPLEMENTATIONS = YES;
				CLANG_WARN_DIRECT_OBJC_ISA_USAGE = YES_ERROR;
				CLANG_WARN_DOCUMENTATION_COMMENTS = YES;
				CLANG_WARN_EMPTY_BODY = YES;
				CLANG_WARN_ENUM_CONVERSION = YES;
				CLANG_WARN_INFINITE_RECURSION = YES;
				CLANG_WARN_INT_CONVERSION = YES;
				CLANG_WARN_NON_LITERAL_NULL_CONVERSION = YES;
				CLANG_WARN_OBJC_IMPLICIT_RETAIN_SELF = YES;
				CLANG_WARN_OBJC_LITERAL_CONVERSION = YES;
				CLANG_WARN_OBJC_ROOT_CLASS = YES_ERROR;
				CLANG_WARN_RANGE_LOOP_ANALYSIS = YES;
				CLANG_WARN_STRICT_PROTOTYPES = YES;
				CLANG_WARN_SUSPICIOUS_MOVE = YES;
				CLANG_WARN_UNGUARDED_AVAILABILITY = YES_AGGRESSIVE;
				CLANG_WARN_UNREACHABLE_CODE = YES;
				CLANG_WARN__DUPLICATE_METHOD_MATCH = YES;
				COPY_PHASE_STRIP = NO;
				DEBUG_INFORMATION_FORMAT = "dwarf-with-dsym";
				ENABLE_NS_ASSERTIONS = NO;
				ENABLE_STRICT_OBJC_MSGSEND = YES;
				GCC_C_LANGUAGE_STANDARD = gnu11;
				GCC_NO_COMMON_BLOCKS = YES;
				GCC_WARN_64_TO_32_BIT_CONVERSION = YES;
				GCC_WARN_ABOUT_RETURN_TYPE = YES_ERROR;
				GCC_WARN_UNDECLARED_SELECTOR = YES;
				GCC_WARN_UNINITIALIZED_AUTOS = YES_AGGRESSIVE;
				GCC_WARN_UNUSED_FUNCTION = YES;
				GCC_WARN_UNUSED_VARIABLE = YES;
				IPHONEOS_DEPLOYMENT_TARGET = 13.2;
				MTL_ENABLE_DEBUG_INFO = NO;
				MTL_FAST_MATH = YES;
				SDKROOT = iphoneos;
				SWIFT_COMPILATION_MODE = wholemodule;
				SWIFT_OPTIMIZATION_LEVEL = "-O";
				VALIDATE_PRODUCT = YES;
			};
			name = Release;
		};
		B544A33123763E9B00CDBFFF /* Debug */ = {
			isa = XCBuildConfiguration;
			buildSettings = {
				ASSETCATALOG_COMPILER_APPICON_NAME = AppIcon;
				CODE_SIGN_STYLE = Automatic;
				DEVELOPMENT_TEAM = 83G4KB5W5L;
				INFOPLIST_FILE = SlidePuzzleGame/Info.plist;
				IPHONEOS_DEPLOYMENT_TARGET = 12.4;
				LD_RUNPATH_SEARCH_PATHS = (
					"$(inherited)",
					"@executable_path/Frameworks",
				);
				PRODUCT_BUNDLE_IDENTIFIER = "funny-farm.SlidePuzzleGame";
				PRODUCT_NAME = "$(TARGET_NAME)";
				SWIFT_VERSION = 5.0;
				TARGETED_DEVICE_FAMILY = "1,2";
			};
			name = Debug;
		};
		B544A33223763E9B00CDBFFF /* Release */ = {
			isa = XCBuildConfiguration;
			buildSettings = {
				ASSETCATALOG_COMPILER_APPICON_NAME = AppIcon;
				CODE_SIGN_STYLE = Automatic;
				DEVELOPMENT_TEAM = 83G4KB5W5L;
				INFOPLIST_FILE = SlidePuzzleGame/Info.plist;
				IPHONEOS_DEPLOYMENT_TARGET = 12.4;
				LD_RUNPATH_SEARCH_PATHS = (
					"$(inherited)",
					"@executable_path/Frameworks",
				);
				PRODUCT_BUNDLE_IDENTIFIER = "funny-farm.SlidePuzzleGame";
				PRODUCT_NAME = "$(TARGET_NAME)";
				SWIFT_VERSION = 5.0;
				TARGETED_DEVICE_FAMILY = "1,2";
			};
			name = Release;
		};
/* End XCBuildConfiguration section */

/* Begin XCConfigurationList section */
		B544A31723763E9800CDBFFF /* Build configuration list for PBXProject "SlidePuzzleGame" */ = {
			isa = XCConfigurationList;
			buildConfigurations = (
				B544A32E23763E9B00CDBFFF /* Debug */,
				B544A32F23763E9B00CDBFFF /* Release */,
			);
			defaultConfigurationIsVisible = 0;
			defaultConfigurationName = Release;
		};
		B544A33023763E9B00CDBFFF /* Build configuration list for PBXNativeTarget "SlidePuzzleGame" */ = {
			isa = XCConfigurationList;
			buildConfigurations = (
				B544A33123763E9B00CDBFFF /* Debug */,
				B544A33223763E9B00CDBFFF /* Release */,
			);
			defaultConfigurationIsVisible = 0;
			defaultConfigurationName = Release;
		};
/* End XCConfigurationList section */
	};
	rootObject = B544A31423763E9800CDBFFF /* Project object */;
}
